// !$*UTF8*$!
{
	archiveVersion = 1;
	classes = {
	};
	objectVersion = 50;
	objects = {

/* Begin PBXBuildFile section */
		857174EF2584AB520006EF46 /* AppDelegate.swift in Sources */ = {isa = PBXBuildFile; fileRef = 857174EE2584AB520006EF46 /* AppDelegate.swift */; };
		857174F12584AB520006EF46 /* SceneDelegate.swift in Sources */ = {isa = PBXBuildFile; fileRef = 857174F02584AB520006EF46 /* SceneDelegate.swift */; };
		857174F32584AB520006EF46 /* ViewController.swift in Sources */ = {isa = PBXBuildFile; fileRef = 857174F22584AB520006EF46 /* ViewController.swift */; };
		857174F62584AB520006EF46 /* Main.storyboard in Resources */ = {isa = PBXBuildFile; fileRef = 857174F42584AB520006EF46 /* Main.storyboard */; };
		857174F82584AB520006EF46 /* Assets.xcassets in Resources */ = {isa = PBXBuildFile; fileRef = 857174F72584AB520006EF46 /* Assets.xcassets */; };
		857174FB2584AB520006EF46 /* LaunchScreen.storyboard in Resources */ = {isa = PBXBuildFile; fileRef = 857174F92584AB520006EF46 /* LaunchScreen.storyboard */; };
		857175052584AC3D0006EF46 /* View.xib in Resources */ = {isa = PBXBuildFile; fileRef = 857175042584AC3D0006EF46 /* View.xib */; };
		85ACEB1A258671B60074D15F /* RedButton.swift in Sources */ = {isa = PBXBuildFile; fileRef = 85ACEB19258671B60074D15F /* RedButton.swift */; };
/* End PBXBuildFile section */

/* Begin PBXFileReference section */
		8507C358259B6207005F731C /* Empty Window2.entitlements */ = {isa = PBXFileReference; lastKnownFileType = text.plist.entitlements; path = "Empty Window2.entitlements"; sourceTree = "<group>"; };
		857174EB2584AB520006EF46 /* Empty Window2.app */ = {isa = PBXFileReference; explicitFileType = wrapper.application; includeInIndex = 0; path = "Empty Window2.app"; sourceTree = BUILT_PRODUCTS_DIR; };
		857174EE2584AB520006EF46 /* AppDelegate.swift */ = {isa = PBXFileReference; lastKnownFileType = sourcecode.swift; path = AppDelegate.swift; sourceTree = "<group>"; };
		857174F02584AB520006EF46 /* SceneDelegate.swift */ = {isa = PBXFileReference; lastKnownFileType = sourcecode.swift; path = SceneDelegate.swift; sourceTree = "<group>"; };
		857174F22584AB520006EF46 /* ViewController.swift */ = {isa = PBXFileReference; lastKnownFileType = sourcecode.swift; path = ViewController.swift; sourceTree = "<group>"; };
		857174F52584AB520006EF46 /* Base */ = {isa = PBXFileReference; lastKnownFileType = file.storyboard; name = Base; path = Base.lproj/Main.storyboard; sourceTree = "<group>"; };
		857174F72584AB520006EF46 /* Assets.xcassets */ = {isa = PBXFileReference; lastKnownFileType = folder.assetcatalog; path = Assets.xcassets; sourceTree = "<group>"; };
		857174FA2584AB520006EF46 /* Base */ = {isa = PBXFileReference; lastKnownFileType = file.storyboard; name = Base; path = Base.lproj/LaunchScreen.storyboard; sourceTree = "<group>"; };
		857174FC2584AB520006EF46 /* Info.plist */ = {isa = PBXFileReference; lastKnownFileType = text.plist.xml; path = Info.plist; sourceTree = "<group>"; };
		857175042584AC3D0006EF46 /* View.xib */ = {isa = PBXFileReference; lastKnownFileType = file.xib; path = View.xib; sourceTree = "<group>"; };
		85ACEB19258671B60074D15F /* RedButton.swift */ = {isa = PBXFileReference; lastKnownFileType = sourcecode.swift; path = RedButton.swift; sourceTree = "<group>"; };
/* End PBXFileReference section */

/* Begin PBXFrameworksBuildPhase section */
		857174E82584AB520006EF46 /* Frameworks */ = {
			isa = PBXFrameworksBuildPhase;
			buildActionMask = 2147483647;
			files = (
			);
			runOnlyForDeploymentPostprocessing = 0;
		};
/* End PBXFrameworksBuildPhase section */

/* Begin PBXGroup section */
		857174E22584AB520006EF46 = {
			isa = PBXGroup;
			children = (
				857174ED2584AB520006EF46 /* Empty Window2 */,
				857174EC2584AB520006EF46 /* Products */,
			);
			sourceTree = "<group>";
		};
		857174EC2584AB520006EF46 /* Products */ = {
			isa = PBXGroup;
			children = (
				857174EB2584AB520006EF46 /* Empty Window2.app */,
			);
			name = Products;
			sourceTree = "<group>";
		};
		857174ED2584AB520006EF46 /* Empty Window2 */ = {
			isa = PBXGroup;
			children = (
				8507C358259B6207005F731C /* Empty Window2.entitlements */,
				857174EE2584AB520006EF46 /* AppDelegate.swift */,
				857174F02584AB520006EF46 /* SceneDelegate.swift */,
				857174F22584AB520006EF46 /* ViewController.swift */,
				85ACEB19258671B60074D15F /* RedButton.swift */,
				857174F42584AB520006EF46 /* Main.storyboard */,
				857174F72584AB520006EF46 /* Assets.xcassets */,
				857174F92584AB520006EF46 /* LaunchScreen.storyboard */,
				857175042584AC3D0006EF46 /* View.xib */,
				857174FC2584AB520006EF46 /* Info.plist */,
			);
			path = "Empty Window2";
			sourceTree = "<group>";
		};
/* End PBXGroup section */

/* Begin PBXNativeTarget section */
		857174EA2584AB520006EF46 /* Empty Window2 */ = {
			isa = PBXNativeTarget;
			buildConfigurationList = 857174FF2584AB520006EF46 /* Build configuration list for PBXNativeTarget "Empty Window2" */;
			buildPhases = (
				857174E72584AB520006EF46 /* Sources */,
				857174E82584AB520006EF46 /* Frameworks */,
				857174E92584AB520006EF46 /* Resources */,
			);
			buildRules = (
			);
			dependencies = (
			);
			name = "Empty Window2";
			productName = "Empty Window2";
			productReference = 857174EB2584AB520006EF46 /* Empty Window2.app */;
			productType = "com.apple.product-type.application";
		};
/* End PBXNativeTarget section */

/* Begin PBXProject section */
		857174E32584AB520006EF46 /* Project object */ = {
			isa = PBXProject;
			attributes = {
				LastSwiftUpdateCheck = 1220;
				LastUpgradeCheck = 1220;
				TargetAttributes = {
					857174EA2584AB520006EF46 = {
						CreatedOnToolsVersion = 12.2;
					};
				};
			};
			buildConfigurationList = 857174E62584AB520006EF46 /* Build configuration list for PBXProject "Empty Window2" */;
			compatibilityVersion = "Xcode 9.3";
			developmentRegion = en;
			hasScannedForEncodings = 0;
			knownRegions = (
				en,
				Base,
			);
			mainGroup = 857174E22584AB520006EF46;
			productRefGroup = 857174EC2584AB520006EF46 /* Products */;
			projectDirPath = "";
			projectRoot = "";
			targets = (
				857174EA2584AB520006EF46 /* Empty Window2 */,
			);
		};
/* End PBXProject section */

/* Begin PBXResourcesBuildPhase section */
		857174E92584AB520006EF46 /* Resources */ = {
			isa = PBXResourcesBuildPhase;
			buildActionMask = 2147483647;
			files = (
				857175052584AC3D0006EF46 /* View.xib in Resources */,
				857174FB2584AB520006EF46 /* LaunchScreen.storyboard in Resources */,
				857174F82584AB520006EF46 /* Assets.xcassets in Resources */,
				857174F62584AB520006EF46 /* Main.storyboard in Resources */,
			);
			runOnlyForDeploymentPostprocessing = 0;
		};
/* End PBXResourcesBuildPhase section */

/* Begin PBXSourcesBuildPhase section */
		857174E72584AB520006EF46 /* Sources */ = {
			isa = PBXSourcesBuildPhase;
			buildActionMask = 2147483647;
			files = (
				857174F32584AB520006EF46 /* ViewController.swift in Sources */,
				85ACEB1A258671B60074D15F /* RedButton.swift in Sources */,
				857174EF2584AB520006EF46 /* AppDelegate.swift in Sources */,
				857174F12584AB520006EF46 /* SceneDelegate.swift in Sources */,
			);
			runOnlyForDeploymentPostprocessing = 0;
		};
/* End PBXSourcesBuildPhase section */

/* Begin PBXVariantGroup section */
		857174F42584AB520006EF46 /* Main.storyboard */ = {
			isa = PBXVariantGroup;
			children = (
				857174F52584AB520006EF46 /* Base */,
			);
			name = Main.storyboard;
			sourceTree = "<group>";
		};
		857174F92584AB520006EF46 /* LaunchScreen.storyboard */ = {
			isa = PBXVariantGroup;
			children = (
				857174FA2584AB520006EF46 /* Base */,
			);
			name = LaunchScreen.storyboard;
			sourceTree = "<group>";
		};
/* End PBXVariantGroup section */

/* Begin XCBuildConfiguration section */
		857174FD2584AB520006EF46 /* Debug */ = {
			isa = XCBuildConfiguration;
			buildSettings = {
				ALWAYS_SEARCH_USER_PATHS = NO;
				CLANG_ANALYZER_NONNULL = YES;
				CLANG_ANALYZER_NUMBER_OBJECT_CONVERSION = YES_AGGRESSIVE;
				CLANG_CXX_LANGUAGE_STANDARD = "gnu++14";
				CLANG_CXX_LIBRARY = "libc++";
				CLANG_ENABLE_MODULES = YES;
				CLANG_ENABLE_OBJC_ARC = YES;
				CLANG_ENABLE_OBJC_WEAK = YES;
				CLANG_WARN_BLOCK_CAPTURE_AUTORELEASING = YES;
				CLANG_WARN_BOOL_CONVERSION = YES;
				CLANG_WARN_COMMA = YES;
				CLANG_WARN_CONSTANT_CONVERSION = YES;
				CLANG_WARN_DEPRECATED_OBJC_IMPLEMENTATIONS = YES;
				CLANG_WARN_DIRECT_OBJC_ISA_USAGE = YES_ERROR;
				CLANG_WARN_DOCUMENTATION_COMMENTS = YES;
				CLANG_WARN_EMPTY_BODY = YES;
				CLANG_WARN_ENUM_CONVERSION = YES;
				CLANG_WARN_INFINITE_RECURSION = YES;
				CLANG_WARN_INT_CONVERSION = YES;
				CLANG_WARN_NON_LITERAL_NULL_CONVERSION = YES;
				CLANG_WARN_OBJC_IMPLICIT_RETAIN_SELF = YES;
				CLANG_WARN_OBJC_LITERAL_CONVERSION = YES;
				CLANG_WARN_OBJC_ROOT_CLASS = YES_ERROR;
				CLANG_WARN_QUOTED_INCLUDE_IN_FRAMEWORK_HEADER = YES;
				CLANG_WARN_RANGE_LOOP_ANALYSIS = YES;
				CLANG_WARN_STRICT_PROTOTYPES = YES;
				CLANG_WARN_SUSPICIOUS_MOVE = YES;
				CLANG_WARN_UNGUARDED_AVAILABILITY = YES_AGGRESSIVE;
				CLANG_WARN_UNREACHABLE_CODE = YES;
				CLANG_WARN__DUPLICATE_METHOD_MATCH = YES;
				COPY_PHASE_STRIP = NO;
				DEBUG_INFORMATION_FORMAT = dwarf;
				ENABLE_STRICT_OBJC_MSGSEND = YES;
				ENABLE_TESTABILITY = YES;
				GCC_C_LANGUAGE_STANDARD = gnu11;
				GCC_DYNAMIC_NO_PIC = NO;
				GCC_NO_COMMON_BLOCKS = YES;
				GCC_OPTIMIZATION_LEVEL = 0;
				GCC_PREPROCESSOR_DEFINITIONS = (
					"DEBUG=1",
					"$(inherited)",
				);
				GCC_WARN_64_TO_32_BIT_CONVERSION = YES;
				GCC_WARN_ABOUT_RETURN_TYPE = YES_ERROR;
				GCC_WARN_UNDECLARED_SELECTOR = YES;
				GCC_WARN_UNINITIALIZED_AUTOS = YES_AGGRESSIVE;
				GCC_WARN_UNUSED_FUNCTION = YES;
				GCC_WARN_UNUSED_VARIABLE = YES;
				IPHONEOS_DEPLOYMENT_TARGET = 14.2;
				MTL_ENABLE_DEBUG_INFO = INCLUDE_SOURCE;
				MTL_FAST_MATH = YES;
				ONLY_ACTIVE_ARCH = YES;
				SDKROOT = iphoneos;
				SWIFT_ACTIVE_COMPILATION_CONDITIONS = DEBUG;
				SWIFT_OPTIMIZATION_LEVEL = "-Onone";
			};
			name = Debug;
		};
		857174FE2584AB520006EF46 /* Release */ = {
			isa = XCBuildConfiguration;
			buildSettings = {
				ALWAYS_SEARCH_USER_PATHS = NO;
				CLANG_ANALYZER_NONNULL = YES;
				CLANG_ANALYZER_NUMBER_OBJECT_CONVERSION = YES_AGGRESSIVE;
				CLANG_CXX_LANGUAGE_STANDARD = "gnu++14";
				CLANG_CXX_LIBRARY = "libc++";
				CLANG_ENABLE_MODULES = YES;
				CLANG_ENABLE_OBJC_ARC = YES;
				CLANG_ENABLE_OBJC_WEAK = YES;
				CLANG_WARN_BLOCK_CAPTURE_AUTORELEASING = YES;
				CLANG_WARN_BOOL_CONVERSION = YES;
				CLANG_WARN_COMMA = YES;
				CLANG_WARN_CONSTANT_CONVERSION = YES;
				CLANG_WARN_DEPRECATED_OBJC_IMPLEMENTATIONS = YES;
				CLANG_WARN_DIRECT_OBJC_ISA_USAGE = YES_ERROR;
				CLANG_WARN_DOCUMENTATION_COMMENTS = YES;
				CLANG_WARN_EMPTY_BODY = YES;
				CLANG_WARN_ENUM_CONVERSION = YES;
				CLANG_WARN_INFINITE_RECURSION = YES;
				CLANG_WARN_INT_CONVERSION = YES;
				CLANG_WARN_NON_LITERAL_NULL_CONVERSION = YES;
				CLANG_WARN_OBJC_IMPLICIT_RETAIN_SELF = YES;
				CLANG_WARN_OBJC_LITERAL_CONVERSION = YES;
				CLANG_WARN_OBJC_ROOT_CLASS = YES_ERROR;
				CLANG_WARN_QUOTED_INCLUDE_IN_FRAMEWORK_HEADER = YES;
				CLANG_WARN_RANGE_LOOP_ANALYSIS = YES;
				CLANG_WARN_STRICT_PROTOTYPES = YES;
				CLANG_WARN_SUSPICIOUS_MOVE = YES;
				CLANG_WARN_UNGUARDED_AVAILABILITY = YES_AGGRESSIVE;
				CLANG_WARN_UNREACHABLE_CODE = YES;
				CLANG_WARN__DUPLICATE_METHOD_MATCH = YES;
				COPY_PHASE_STRIP = NO;
				DEBUG_INFORMATION_FORMAT = "dwarf-with-dsym";
				ENABLE_NS_ASSERTIONS = NO;
				ENABLE_STRICT_OBJC_MSGSEND = YES;
				GCC_C_LANGUAGE_STANDARD = gnu11;
				GCC_NO_COMMON_BLOCKS = YES;
				GCC_WARN_64_TO_32_BIT_CONVERSION = YES;
				GCC_WARN_ABOUT_RETURN_TYPE = YES_ERROR;
				GCC_WARN_UNDECLARED_SELECTOR = YES;
				GCC_WARN_UNINITIALIZED_AUTOS = YES_AGGRESSIVE;
				GCC_WARN_UNUSED_FUNCTION = YES;
				GCC_WARN_UNUSED_VARIABLE = YES;
				IPHONEOS_DEPLOYMENT_TARGET = 14.2;
				MTL_ENABLE_DEBUG_INFO = NO;
				MTL_FAST_MATH = YES;
				SDKROOT = iphoneos;
				SWIFT_COMPILATION_MODE = wholemodule;
				SWIFT_OPTIMIZATION_LEVEL = "-O";
				VALIDATE_PRODUCT = YES;
			};
			name = Release;
		};
		857175002584AB520006EF46 /* Debug */ = {
			isa = XCBuildConfiguration;
			buildSettings = {
				ASSETCATALOG_COMPILER_APPICON_NAME = AppIcon;
				ASSETCATALOG_COMPILER_GLOBAL_ACCENT_COLOR_NAME = AccentColor;
				CODE_SIGN_ENTITLEMENTS = "Empty Window2/Empty Window2.entitlements";
				CODE_SIGN_STYLE = Automatic;
				INFOPLIST_FILE = "Empty Window2/Info.plist";
				IPHONEOS_DEPLOYMENT_TARGET = 14.2;
				LD_RUNPATH_SEARCH_PATHS = (
					"$(inherited)",
					"@executable_path/Frameworks",
				);
				PRODUCT_BUNDLE_IDENTIFIER = "foo.Empty-Window2";
				PRODUCT_NAME = "$(TARGET_NAME)";
				SUPPORTS_MACCATALYST = NO;
				SWIFT_VERSION = 5.0;
				TARGETED_DEVICE_FAMILY = "1,2";
			};
			name = Debug;
		};
		857175012584AB520006EF46 /* Release */ = {
			isa = XCBuildConfiguration;
			buildSettings = {
				ASSETCATALOG_COMPILER_APPICON_NAME = AppIcon;
				ASSETCATALOG_COMPILER_GLOBAL_ACCENT_COLOR_NAME = AccentColor;
				CODE_SIGN_ENTITLEMENTS = "Empty Window2/Empty Window2.entitlements";
				CODE_SIGN_STYLE = Automatic;
				INFOPLIST_FILE = "Empty Window2/Info.plist";
				IPHONEOS_DEPLOYMENT_TARGET = 14.2;
				LD_RUNPATH_SEARCH_PATHS = (
					"$(inherited)",
					"@executable_path/Frameworks",
				);
				PRODUCT_BUNDLE_IDENTIFIER = "foo.Empty-Window2";
				PRODUCT_NAME = "$(TARGET_NAME)";
				SUPPORTS_MACCATALYST = NO;
				SWIFT_VERSION = 5.0;
				TARGETED_DEVICE_FAMILY = "1,2";
			};
			name = Release;
		};
/* End XCBuildConfiguration section */

/* Begin XCConfigurationList section */
		857174E62584AB520006EF46 /* Build configuration list for PBXProject "Empty Window2" */ = {
			isa = XCConfigurationList;
			buildConfigurations = (
				857174FD2584AB520006EF46 /* Debug */,
				857174FE2584AB520006EF46 /* Release */,
			);
			defaultConfigurationIsVisible = 0;
			defaultConfigurationName = Release;
		};
		857174FF2584AB520006EF46 /* Build configuration list for PBXNativeTarget "Empty Window2" */ = {
			isa = XCConfigurationList;
			buildConfigurations = (
				857175002584AB520006EF46 /* Debug */,
				857175012584AB520006EF46 /* Release */,
			);
			defaultConfigurationIsVisible = 0;
			defaultConfigurationName = Release;
		};
/* End XCConfigurationList section */
	};
	rootObject = 857174E32584AB520006EF46 /* Project object */;
}
